
Microsoft Visual Studio Solution File, Format Version 12.00
# Visual Studio Version 17
VisualStudioVersion = 17.14.36429.23 d17.14
MinimumVisualStudioVersion = 10.0.40219.1
Project("{FAE04EC0-301F-11D3-BF4B-00C04F79EFBC}") = "SC701_ProyectoFinal", "SC701_ProyectoFinal\SC701_ProyectoFinal.csproj", "{CD88E1EE-C206-4C21-88FB-68191424B908}"
EndProject
Project("{FAE04EC0-301F-11D3-BF4B-00C04F79EFBC}") = "ProyectoAPI", "ProyectoAPI\ProyectoAPI.csproj", "{1EE712D1-A571-47CC-AC36-6D590CA4E8BF}"
EndProject
Global
	GlobalSection(SolutionConfigurationPlatforms) = preSolution
		Debug|Any CPU = Debug|Any CPU
		Release|Any CPU = Release|Any CPU
	EndGlobalSection
	GlobalSection(ProjectConfigurationPlatforms) = postSolution
		{CD88E1EE-C206-4C21-88FB-68191424B908}.Debug|Any CPU.ActiveCfg = Debug|Any CPU
		{CD88E1EE-C206-4C21-88FB-68191424B908}.Debug|Any CPU.Build.0 = Debug|Any CPU
		{CD88E1EE-C206-4C21-88FB-68191424B908}.Release|Any CPU.ActiveCfg = Release|Any CPU
		{CD88E1EE-C206-4C21-88FB-68191424B908}.Release|Any CPU.Build.0 = Release|Any CPU
		{1EE712D1-A571-47CC-AC36-6D590CA4E8BF}.Debug|Any CPU.ActiveCfg = Debug|Any CPU
		{1EE712D1-A571-47CC-AC36-6D590CA4E8BF}.Debug|Any CPU.Build.0 = Debug|Any CPU
		{1EE712D1-A571-47CC-AC36-6D590CA4E8BF}.Release|Any CPU.ActiveCfg = Release|Any CPU
		{1EE712D1-A571-47CC-AC36-6D590CA4E8BF}.Release|Any CPU.Build.0 = Release|Any CPU
	EndGlobalSection
	GlobalSection(SolutionProperties) = preSolution
		HideSolutionNode = FALSE
	EndGlobalSection
	GlobalSection(ExtensibilityGlobals) = postSolution
		SolutionGuid = {CB16D0CB-4C9A-4BDC-A9AE-E5520A94F29D}
	EndGlobalSection
EndGlobal
